
Microsoft Visual Studio Solution File, Format Version 12.00
# Visual Studio Version 17
VisualStudioVersion = 17.11.35222.181
MinimumVisualStudioVersion = 10.0.40219.1
Project("{2150E333-8FDC-42A3-9474-1A3956D46DE8}") = "src", "src", "{D4FC18AD-B986-4C43-8A5D-8CD79F3A62EE}"
EndProject
Project("{2150E333-8FDC-42A3-9474-1A3956D46DE8}") = "Product", "Product", "{918B237F-EC13-4C41-98D8-5512F4DDF64F}"
EndProject
Project("{2150E333-8FDC-42A3-9474-1A3956D46DE8}") = "Identity", "Identity", "{41EF65B0-3710-46E5-B117-16DDE22A505D}"
EndProject
Project("{2150E333-8FDC-42A3-9474-1A3956D46DE8}") = "Inventory", "Inventory", "{BA450713-E335-4F98-97F7-E345CED09B69}"
EndProject
Project("{9A19103F-16F7-4668-BE54-9A1E7A4F7556}") = "Authentication.API", "src\Identity\Authentication.API\Authentication.API.csproj", "{B0BFF487-ABB7-4DF8-8BD7-D0B0AFB0D308}"
EndProject
Project("{9A19103F-16F7-4668-BE54-9A1E7A4F7556}") = "Inventory.API", "src\Inventory\Inventory.API\Inventory.API.csproj", "{0BB98F7A-70FE-4BB7-8E5E-C3DD3BB53049}"
EndProject
Project("{2150E333-8FDC-42A3-9474-1A3956D46DE8}") = "test", "test", "{1170D804-7772-48ED-A017-DB7FFD8F6FE4}"
EndProject
Project("{2150E333-8FDC-42A3-9474-1A3956D46DE8}") = "UnitTest", "UnitTest", "{5234274B-50A3-41BF-A5B8-CDD3EEA748A9}"
EndProject
Project("{2150E333-8FDC-42A3-9474-1A3956D46DE8}") = "IntegrationTest", "IntegrationTest", "{B9205212-6515-400F-B115-1507C4A5CC39}"
EndProject
Project("{9A19103F-16F7-4668-BE54-9A1E7A4F7556}") = "Inventory.IntegrationTest", "test\IntegrationTest\Inventory.IntegrationTest\Inventory.IntegrationTest.csproj", "{CE40B756-7B23-47F8-B3AC-26F48012CEB3}"
EndProject
Project("{9A19103F-16F7-4668-BE54-9A1E7A4F7556}") = "Product.IntegrationTest", "test\IntegrationTest\Product.IntegrationTest\Product.IntegrationTest.csproj", "{C5AC1337-36EA-4B98-9701-A53375AE6DAA}"
EndProject
Project("{9A19103F-16F7-4668-BE54-9A1E7A4F7556}") = "Authentication.IntergrationTest", "test\IntegrationTest\Authentication.IntergrationTest\Authentication.IntergrationTest.csproj", "{77D4EA0D-793F-46CD-83F2-A313A2CEC69F}"
EndProject
Project("{9A19103F-16F7-4668-BE54-9A1E7A4F7556}") = "Authentication.UnitTest", "test\UnitTest\Authentication.UnitTest\Authentication.UnitTest.csproj", "{4CE0E861-69F4-48CE-A6FB-253AD01E9AE0}"
EndProject
Project("{9A19103F-16F7-4668-BE54-9A1E7A4F7556}") = "Inventory.UnitTest", "test\UnitTest\Inventory.UnitTest\Inventory.UnitTest.csproj", "{C6817ABB-A981-47CD-8B6E-5FF010B6A98D}"
EndProject
Project("{9A19103F-16F7-4668-BE54-9A1E7A4F7556}") = "Product.UnitTest", "test\UnitTest\Product.UnitTest\Product.UnitTest.csproj", "{366EC462-9E30-4EFA-94A9-16BA230B2D88}"
EndProject
Project("{2150E333-8FDC-42A3-9474-1A3956D46DE8}") = "shared", "shared", "{9E2A0A38-2C19-4AE4-927E-DBFE3921F1AF}"
EndProject
Project("{9A19103F-16F7-4668-BE54-9A1E7A4F7556}") = "GitStartFramework.Shared", "src\shared\GitStartFramework.Shared\GitStartFramework.Shared.csproj", "{5DD27528-D18B-43C6-8AE5-6D8EC3A47652}"
EndProject
Project("{E53339B2-1760-4266-BCC7-CA923CBCF16C}") = "docker-compose", "docker-compose.dcproj", "{E8086678-7574-47F9-940A-D2DC4E69A423}"
EndProject
Project("{9A19103F-16F7-4668-BE54-9A1E7A4F7556}") = "Product.API", "src\Product\Product.API\Product.API.csproj", "{74449077-301C-4AA7-BDEE-8E82157941C4}"
EndProject
Global
	GlobalSection(SolutionConfigurationPlatforms) = preSolution
		Debug|Any CPU = Debug|Any CPU
		Release|Any CPU = Release|Any CPU
	EndGlobalSection
	GlobalSection(ProjectConfigurationPlatforms) = postSolution
		{B0BFF487-ABB7-4DF8-8BD7-D0B0AFB0D308}.Debug|Any CPU.ActiveCfg = Debug|Any CPU
		{B0BFF487-ABB7-4DF8-8BD7-D0B0AFB0D308}.Debug|Any CPU.Build.0 = Debug|Any CPU
		{B0BFF487-ABB7-4DF8-8BD7-D0B0AFB0D308}.Release|Any CPU.ActiveCfg = Release|Any CPU
		{B0BFF487-ABB7-4DF8-8BD7-D0B0AFB0D308}.Release|Any CPU.Build.0 = Release|Any CPU
		{0BB98F7A-70FE-4BB7-8E5E-C3DD3BB53049}.Debug|Any CPU.ActiveCfg = Debug|Any CPU
		{0BB98F7A-70FE-4BB7-8E5E-C3DD3BB53049}.Debug|Any CPU.Build.0 = Debug|Any CPU
		{0BB98F7A-70FE-4BB7-8E5E-C3DD3BB53049}.Release|Any CPU.ActiveCfg = Release|Any CPU
		{0BB98F7A-70FE-4BB7-8E5E-C3DD3BB53049}.Release|Any CPU.Build.0 = Release|Any CPU
		{CE40B756-7B23-47F8-B3AC-26F48012CEB3}.Debug|Any CPU.ActiveCfg = Debug|Any CPU
		{CE40B756-7B23-47F8-B3AC-26F48012CEB3}.Debug|Any CPU.Build.0 = Debug|Any CPU
		{CE40B756-7B23-47F8-B3AC-26F48012CEB3}.Release|Any CPU.ActiveCfg = Release|Any CPU
		{CE40B756-7B23-47F8-B3AC-26F48012CEB3}.Release|Any CPU.Build.0 = Release|Any CPU
		{C5AC1337-36EA-4B98-9701-A53375AE6DAA}.Debug|Any CPU.ActiveCfg = Debug|Any CPU
		{C5AC1337-36EA-4B98-9701-A53375AE6DAA}.Debug|Any CPU.Build.0 = Debug|Any CPU
		{C5AC1337-36EA-4B98-9701-A53375AE6DAA}.Release|Any CPU.ActiveCfg = Release|Any CPU
		{C5AC1337-36EA-4B98-9701-A53375AE6DAA}.Release|Any CPU.Build.0 = Release|Any CPU
		{77D4EA0D-793F-46CD-83F2-A313A2CEC69F}.Debug|Any CPU.ActiveCfg = Debug|Any CPU
		{77D4EA0D-793F-46CD-83F2-A313A2CEC69F}.Debug|Any CPU.Build.0 = Debug|Any CPU
		{77D4EA0D-793F-46CD-83F2-A313A2CEC69F}.Release|Any CPU.ActiveCfg = Release|Any CPU
		{77D4EA0D-793F-46CD-83F2-A313A2CEC69F}.Release|Any CPU.Build.0 = Release|Any CPU
		{4CE0E861-69F4-48CE-A6FB-253AD01E9AE0}.Debug|Any CPU.ActiveCfg = Debug|Any CPU
		{4CE0E861-69F4-48CE-A6FB-253AD01E9AE0}.Debug|Any CPU.Build.0 = Debug|Any CPU
		{4CE0E861-69F4-48CE-A6FB-253AD01E9AE0}.Release|Any CPU.ActiveCfg = Release|Any CPU
		{4CE0E861-69F4-48CE-A6FB-253AD01E9AE0}.Release|Any CPU.Build.0 = Release|Any CPU
		{C6817ABB-A981-47CD-8B6E-5FF010B6A98D}.Debug|Any CPU.ActiveCfg = Debug|Any CPU
		{C6817ABB-A981-47CD-8B6E-5FF010B6A98D}.Debug|Any CPU.Build.0 = Debug|Any CPU
		{C6817ABB-A981-47CD-8B6E-5FF010B6A98D}.Release|Any CPU.ActiveCfg = Release|Any CPU
		{C6817ABB-A981-47CD-8B6E-5FF010B6A98D}.Release|Any CPU.Build.0 = Release|Any CPU
		{366EC462-9E30-4EFA-94A9-16BA230B2D88}.Debug|Any CPU.ActiveCfg = Debug|Any CPU
		{366EC462-9E30-4EFA-94A9-16BA230B2D88}.Debug|Any CPU.Build.0 = Debug|Any CPU
		{366EC462-9E30-4EFA-94A9-16BA230B2D88}.Release|Any CPU.ActiveCfg = Release|Any CPU
		{366EC462-9E30-4EFA-94A9-16BA230B2D88}.Release|Any CPU.Build.0 = Release|Any CPU
		{5DD27528-D18B-43C6-8AE5-6D8EC3A47652}.Debug|Any CPU.ActiveCfg = Debug|Any CPU
		{5DD27528-D18B-43C6-8AE5-6D8EC3A47652}.Debug|Any CPU.Build.0 = Debug|Any CPU
		{5DD27528-D18B-43C6-8AE5-6D8EC3A47652}.Release|Any CPU.ActiveCfg = Release|Any CPU
		{5DD27528-D18B-43C6-8AE5-6D8EC3A47652}.Release|Any CPU.Build.0 = Release|Any CPU
		{E8086678-7574-47F9-940A-D2DC4E69A423}.Debug|Any CPU.ActiveCfg = Debug|Any CPU
		{E8086678-7574-47F9-940A-D2DC4E69A423}.Debug|Any CPU.Build.0 = Debug|Any CPU
		{E8086678-7574-47F9-940A-D2DC4E69A423}.Release|Any CPU.ActiveCfg = Release|Any CPU
		{E8086678-7574-47F9-940A-D2DC4E69A423}.Release|Any CPU.Build.0 = Release|Any CPU
		{74449077-301C-4AA7-BDEE-8E82157941C4}.Debug|Any CPU.ActiveCfg = Debug|Any CPU
		{74449077-301C-4AA7-BDEE-8E82157941C4}.Debug|Any CPU.Build.0 = Debug|Any CPU
		{74449077-301C-4AA7-BDEE-8E82157941C4}.Release|Any CPU.ActiveCfg = Release|Any CPU
		{74449077-301C-4AA7-BDEE-8E82157941C4}.Release|Any CPU.Build.0 = Release|Any CPU
	EndGlobalSection
	GlobalSection(SolutionProperties) = preSolution
		HideSolutionNode = FALSE
	EndGlobalSection
	GlobalSection(NestedProjects) = preSolution
		{918B237F-EC13-4C41-98D8-5512F4DDF64F} = {D4FC18AD-B986-4C43-8A5D-8CD79F3A62EE}
		{41EF65B0-3710-46E5-B117-16DDE22A505D} = {D4FC18AD-B986-4C43-8A5D-8CD79F3A62EE}
		{BA450713-E335-4F98-97F7-E345CED09B69} = {D4FC18AD-B986-4C43-8A5D-8CD79F3A62EE}
		{B0BFF487-ABB7-4DF8-8BD7-D0B0AFB0D308} = {41EF65B0-3710-46E5-B117-16DDE22A505D}
		{0BB98F7A-70FE-4BB7-8E5E-C3DD3BB53049} = {BA450713-E335-4F98-97F7-E345CED09B69}
		{5234274B-50A3-41BF-A5B8-CDD3EEA748A9} = {1170D804-7772-48ED-A017-DB7FFD8F6FE4}
		{B9205212-6515-400F-B115-1507C4A5CC39} = {1170D804-7772-48ED-A017-DB7FFD8F6FE4}
		{CE40B756-7B23-47F8-B3AC-26F48012CEB3} = {B9205212-6515-400F-B115-1507C4A5CC39}
		{C5AC1337-36EA-4B98-9701-A53375AE6DAA} = {B9205212-6515-400F-B115-1507C4A5CC39}
		{77D4EA0D-793F-46CD-83F2-A313A2CEC69F} = {B9205212-6515-400F-B115-1507C4A5CC39}
		{4CE0E861-69F4-48CE-A6FB-253AD01E9AE0} = {5234274B-50A3-41BF-A5B8-CDD3EEA748A9}
		{C6817ABB-A981-47CD-8B6E-5FF010B6A98D} = {5234274B-50A3-41BF-A5B8-CDD3EEA748A9}
		{366EC462-9E30-4EFA-94A9-16BA230B2D88} = {5234274B-50A3-41BF-A5B8-CDD3EEA748A9}
		{5DD27528-D18B-43C6-8AE5-6D8EC3A47652} = {9E2A0A38-2C19-4AE4-927E-DBFE3921F1AF}
		{74449077-301C-4AA7-BDEE-8E82157941C4} = {918B237F-EC13-4C41-98D8-5512F4DDF64F}
	EndGlobalSection
	GlobalSection(ExtensibilityGlobals) = postSolution
		SolutionGuid = {C426AF7B-B1CA-4552-BC75-56C661C06708}
	EndGlobalSection
EndGlobal
